
Microsoft Visual Studio Solution File, Format Version 12.00
# Visual Studio 14
VisualStudioVersion = 14.0.25420.1
MinimumVisualStudioVersion = 10.0.40219.1
Project("{FAE04EC0-301F-11D3-BF4B-00C04F79EFBC}") = "Plugin_System", "Plugin_System\Plugin_System.csproj", "{582C6A4E-3040-468C-92BF-B48687DBEAF6}"
EndProject
Project("{FAE04EC0-301F-11D3-BF4B-00C04F79EFBC}") = "Plugins", "Plugins\Plugins.csproj", "{BA2F9808-0600-4B2A-90CD-ED83A2101D96}"
EndProject
Project("{FAE04EC0-301F-11D3-BF4B-00C04F79EFBC}") = "MyPlugin", "MyPlugin\MyPlugin.csproj", "{182BAD89-7DE7-4080-87E4-D0558ADCEFEF}"
EndProject
Global
	GlobalSection(SolutionConfigurationPlatforms) = preSolution
		Debug|Any CPU = Debug|Any CPU
		Release|Any CPU = Release|Any CPU
	EndGlobalSection
	GlobalSection(ProjectConfigurationPlatforms) = postSolution
		{582C6A4E-3040-468C-92BF-B48687DBEAF6}.Debug|Any CPU.ActiveCfg = Debug|Any CPU
		{582C6A4E-3040-468C-92BF-B48687DBEAF6}.Debug|Any CPU.Build.0 = Debug|Any CPU
		{582C6A4E-3040-468C-92BF-B48687DBEAF6}.Release|Any CPU.ActiveCfg = Release|Any CPU
		{582C6A4E-3040-468C-92BF-B48687DBEAF6}.Release|Any CPU.Build.0 = Release|Any CPU
		{BA2F9808-0600-4B2A-90CD-ED83A2101D96}.Debug|Any CPU.ActiveCfg = Debug|Any CPU
		{BA2F9808-0600-4B2A-90CD-ED83A2101D96}.Debug|Any CPU.Build.0 = Debug|Any CPU
		{BA2F9808-0600-4B2A-90CD-ED83A2101D96}.Release|Any CPU.ActiveCfg = Release|Any CPU
		{BA2F9808-0600-4B2A-90CD-ED83A2101D96}.Release|Any CPU.Build.0 = Release|Any CPU
		{182BAD89-7DE7-4080-87E4-D0558ADCEFEF}.Debug|Any CPU.ActiveCfg = Debug|Any CPU
		{182BAD89-7DE7-4080-87E4-D0558ADCEFEF}.Debug|Any CPU.Build.0 = Debug|Any CPU
		{182BAD89-7DE7-4080-87E4-D0558ADCEFEF}.Release|Any CPU.ActiveCfg = Release|Any CPU
		{182BAD89-7DE7-4080-87E4-D0558ADCEFEF}.Release|Any CPU.Build.0 = Release|Any CPU
	EndGlobalSection
	GlobalSection(SolutionProperties) = preSolution
		HideSolutionNode = FALSE
	EndGlobalSection
EndGlobal
